
Microsoft Visual Studio Solution File, Format Version 12.00
# Visual Studio Version 17
VisualStudioVersion = 17.2.32616.157
MinimumVisualStudioVersion = 10.0.40219.1
Project("{2150E333-8FDC-42A3-9474-1A3956D46DE8}") = "Solution Items", "Solution Items", "{17BFA27C-9599-4E6E-B924-44B4DC05ED3E}"
	ProjectSection(SolutionItems) = preProject
		.editorconfig = .editorconfig
		.gitignore = .gitignore
		CHANGELOG.md = CHANGELOG.md
		Directory.Build.props = Directory.Build.props
		global.json = global.json
		LICENSE = LICENSE
		nuget.config = nuget.config
		README.md = README.md
	EndProjectSection
EndProject
Project("{2150E333-8FDC-42A3-9474-1A3956D46DE8}") = "src", "src", "{23384A32-402F-4C84-875C-DCFE36FDEAF4}"
EndProject
Project("{2150E333-8FDC-42A3-9474-1A3956D46DE8}") = "tests", "tests", "{5A1A25FA-CA83-456E-94FD-52905C19C86C}"
EndProject
Project("{9A19103F-16F7-4668-BE54-9A1E7A4F7556}") = "DocumentNumber.PaymentCardNumber.AmericanExpress.Generator", "src\DocumentNumber.PaymentCardNumber.AmericanExpress.Generator\DocumentNumber.PaymentCardNumber.AmericanExpress.Generator.csproj", "{8C8B175A-6345-442A-AD45-FC5196072151}"
EndProject
Project("{9A19103F-16F7-4668-BE54-9A1E7A4F7556}") = "DocumentNumber.PaymentCardNumber.Maestro.Generator", "src\DocumentNumber.PaymentCardNumber.Maestro.Generator\DocumentNumber.PaymentCardNumber.Maestro.Generator.csproj", "{223E483C-F4B3-40FD-AB66-AB1035FEF6A3}"
EndProject
Project("{9A19103F-16F7-4668-BE54-9A1E7A4F7556}") = "DocumentNumber.PaymentCardNumber.MaestroUK.Generator", "src\DocumentNumber.PaymentCardNumber.MaestroUK.Generator\DocumentNumber.PaymentCardNumber.MaestroUK.Generator.csproj", "{4AC395E8-712E-4F67-B9F1-68B6CB6F6392}"
EndProject
Project("{9A19103F-16F7-4668-BE54-9A1E7A4F7556}") = "DocumentNumber.PaymentCardNumber.Mastercard.Generator", "src\DocumentNumber.PaymentCardNumber.Mastercard.Generator\DocumentNumber.PaymentCardNumber.Mastercard.Generator.csproj", "{248C5B11-11E9-447D-B57A-C673A6EC2629}"
EndProject
Project("{9A19103F-16F7-4668-BE54-9A1E7A4F7556}") = "DocumentNumber.PaymentCardNumber.VISA.Generator", "src\DocumentNumber.PaymentCardNumber.VISA.Generator\DocumentNumber.PaymentCardNumber.VISA.Generator.csproj", "{E6D20026-08BF-4C4F-B2D9-7396F8C48E73}"
EndProject
Project("{9A19103F-16F7-4668-BE54-9A1E7A4F7556}") = "DocumentNumber.PaymentCardNumber.VISAElectron.Generator", "src\DocumentNumber.PaymentCardNumber.VISAElectron.Generator\DocumentNumber.PaymentCardNumber.VISAElectron.Generator.csproj", "{40E41C9C-DCBA-4DF4-914B-1B54B421BB35}"
EndProject
Project("{9A19103F-16F7-4668-BE54-9A1E7A4F7556}") = "DocumentNumber.InternationalBankAccountNumber.Validator", "src\DocumentNumber.InternationalBankAccountNumber.Validator\DocumentNumber.InternationalBankAccountNumber.Validator.csproj", "{F9F15FF2-53CD-4124-85FD-0C0A3D51D5D5}"
EndProject
Project("{9A19103F-16F7-4668-BE54-9A1E7A4F7556}") = "DocumentNumber.PaymentCardNumber.Common", "src\DocumentNumber.PaymentCardNumber.Common\DocumentNumber.PaymentCardNumber.Common.csproj", "{481ACFAD-A325-4FAA-8D32-FDC5E1FE9F77}"
EndProject
Project("{9A19103F-16F7-4668-BE54-9A1E7A4F7556}") = "DocumentNumber.Portugal.CitizenCard.Validator", "src\DocumentNumber.Portugal.CitizenCard.Validator\DocumentNumber.Portugal.CitizenCard.Validator.csproj", "{B49B4348-0A5C-43B8-9997-7059D8EF5653}"
EndProject
Project("{9A19103F-16F7-4668-BE54-9A1E7A4F7556}") = "DocumentNumber.Portugal.Nif.Validator", "src\DocumentNumber.Portugal.Nif.Validator\DocumentNumber.Portugal.Nif.Validator.csproj", "{57418C80-6A34-4B08-9684-EEBB741E20C2}"
EndProject
Project("{9A19103F-16F7-4668-BE54-9A1E7A4F7556}") = "DocumentNumber.Portugal.Niss.Validator", "src\DocumentNumber.Portugal.Niss.Validator\DocumentNumber.Portugal.Niss.Validator.csproj", "{9AA6CB92-FC0F-4892-B702-44FE9EE8DF4E}"
EndProject
Project("{9A19103F-16F7-4668-BE54-9A1E7A4F7556}") = "DocumentNumber.PaymentCardNumber.AmericanExpress.Generator.Tests", "tests\DocumentNumber.PaymentCardNumber.AmericanExpress.Generator.Tests\DocumentNumber.PaymentCardNumber.AmericanExpress.Generator.Tests.csproj", "{24BCFAC1-02A8-4482-A948-A84E19075BBD}"
EndProject
Project("{9A19103F-16F7-4668-BE54-9A1E7A4F7556}") = "DocumentNumber.PaymentCardNumber.Maestro.Generator.Tests", "tests\DocumentNumber.PaymentCardNumber.Maestro.Generator.Tests\DocumentNumber.PaymentCardNumber.Maestro.Generator.Tests.csproj", "{414AE2F9-6754-4AA3-8ABB-602C111F3076}"
EndProject
Project("{9A19103F-16F7-4668-BE54-9A1E7A4F7556}") = "DocumentNumber.PaymentCardNumber.MaestroUK.Generator.Tests", "tests\DocumentNumber.PaymentCardNumber.MaestroUK.Generator.Tests\DocumentNumber.PaymentCardNumber.MaestroUK.Generator.Tests.csproj", "{04602438-3FF5-4486-A4BE-7834429BEFFA}"
EndProject
Project("{9A19103F-16F7-4668-BE54-9A1E7A4F7556}") = "DocumentNumber.PaymentCardNumber.Mastercard.Generator.Tests", "tests\DocumentNumber.PaymentCardNumber.Mastercard.Generator.Tests\DocumentNumber.PaymentCardNumber.Mastercard.Generator.Tests.csproj", "{D9CDC2AD-9847-42F0-BA18-889B0F23898E}"
EndProject
Project("{9A19103F-16F7-4668-BE54-9A1E7A4F7556}") = "DocumentNumber.PaymentCardNumber.VISA.Generator.Tests", "tests\DocumentNumber.PaymentCardNumber.VISA.Generator.Tests\DocumentNumber.PaymentCardNumber.VISA.Generator.Tests.csproj", "{73D91648-E0B0-4567-AD8F-432B60A1D3A9}"
EndProject
Project("{9A19103F-16F7-4668-BE54-9A1E7A4F7556}") = "DocumentNumber.PaymentCardNumber.VISAElectron.Generator.Tests", "tests\DocumentNumber.PaymentCardNumber.VISAElectron.Generator.Tests\DocumentNumber.PaymentCardNumber.VISAElectron.Generator.Tests.csproj", "{3D61ECF1-7A1D-4945-BE89-52B381DAA678}"
EndProject
Project("{9A19103F-16F7-4668-BE54-9A1E7A4F7556}") = "DocumentNumber.InternationalBankAccountNumber.Validator.Tests", "tests\DocumentNumber.InternationalBankAccountNumber.Validator.Tests\DocumentNumber.InternationalBankAccountNumber.Validator.Tests.csproj", "{D880DD92-34DA-4DAC-8D17-F0E31BCAFF76}"
EndProject
Project("{9A19103F-16F7-4668-BE54-9A1E7A4F7556}") = "DocumentNumber.PaymentCardNumber.Common.Tests", "tests\DocumentNumber.PaymentCardNumber.Common.Tests\DocumentNumber.PaymentCardNumber.Common.Tests.csproj", "{E51B8A5E-1795-4A5C-A28C-6A3CDC9CB757}"
EndProject
Project("{9A19103F-16F7-4668-BE54-9A1E7A4F7556}") = "DocumentNumber.Portugal.CitizenCard.Generator.Tests", "tests\DocumentNumber.Portugal.CitizenCard.Validator.Tests\DocumentNumber.Portugal.CitizenCard.Generator.Tests.csproj", "{42C4832E-3A3B-4B88-84AB-037D8B3AED62}"
EndProject
Project("{9A19103F-16F7-4668-BE54-9A1E7A4F7556}") = "Portugal.Nif.Validator.Tests", "tests\Portugal.Nif.Validator.Tests\Portugal.Nif.Validator.Tests.csproj", "{5CDC0811-2CF2-42A4-9465-8E7E819FDB0D}"
EndProject
Project("{9A19103F-16F7-4668-BE54-9A1E7A4F7556}") = "Portugal.Niss.Validator.Tests", "tests\Portugal.Niss.Validator.Tests\Portugal.Niss.Validator.Tests.csproj", "{8F34EC67-EC26-4890-9B31-0A55B6C56C46}"
EndProject
Project("{9A19103F-16F7-4668-BE54-9A1E7A4F7556}") = "Portugal.CitizenCard.Validator.Tests", "tests\Portugal.CitizenCard.Validator.Tests\Portugal.CitizenCard.Validator.Tests.csproj", "{C3D8C45E-94C2-464C-A947-2DFEE3046A24}"
EndProject
Project("{2150E333-8FDC-42A3-9474-1A3956D46DE8}") = "Document Generator", "Document Generator", "{4385BF6A-32E8-4F0F-99AD-C313D39E91E2}"
EndProject
Project("{2150E333-8FDC-42A3-9474-1A3956D46DE8}") = "Document Validator", "Document Validator", "{9B82990D-2A3C-4A15-8DE5-4E5FE536FE9F}"
EndProject
Global
	GlobalSection(SolutionConfigurationPlatforms) = preSolution
		Debug|Any CPU = Debug|Any CPU
		Release|Any CPU = Release|Any CPU
	EndGlobalSection
	GlobalSection(ProjectConfigurationPlatforms) = postSolution
		{8C8B175A-6345-442A-AD45-FC5196072151}.Debug|Any CPU.ActiveCfg = Debug|Any CPU
		{8C8B175A-6345-442A-AD45-FC5196072151}.Debug|Any CPU.Build.0 = Debug|Any CPU
		{8C8B175A-6345-442A-AD45-FC5196072151}.Release|Any CPU.ActiveCfg = Release|Any CPU
		{8C8B175A-6345-442A-AD45-FC5196072151}.Release|Any CPU.Build.0 = Release|Any CPU
		{223E483C-F4B3-40FD-AB66-AB1035FEF6A3}.Debug|Any CPU.ActiveCfg = Debug|Any CPU
		{223E483C-F4B3-40FD-AB66-AB1035FEF6A3}.Debug|Any CPU.Build.0 = Debug|Any CPU
		{223E483C-F4B3-40FD-AB66-AB1035FEF6A3}.Release|Any CPU.ActiveCfg = Release|Any CPU
		{223E483C-F4B3-40FD-AB66-AB1035FEF6A3}.Release|Any CPU.Build.0 = Release|Any CPU
		{4AC395E8-712E-4F67-B9F1-68B6CB6F6392}.Debug|Any CPU.ActiveCfg = Debug|Any CPU
		{4AC395E8-712E-4F67-B9F1-68B6CB6F6392}.Debug|Any CPU.Build.0 = Debug|Any CPU
		{4AC395E8-712E-4F67-B9F1-68B6CB6F6392}.Release|Any CPU.ActiveCfg = Release|Any CPU
		{4AC395E8-712E-4F67-B9F1-68B6CB6F6392}.Release|Any CPU.Build.0 = Release|Any CPU
		{248C5B11-11E9-447D-B57A-C673A6EC2629}.Debug|Any CPU.ActiveCfg = Debug|Any CPU
		{248C5B11-11E9-447D-B57A-C673A6EC2629}.Debug|Any CPU.Build.0 = Debug|Any CPU
		{248C5B11-11E9-447D-B57A-C673A6EC2629}.Release|Any CPU.ActiveCfg = Release|Any CPU
		{248C5B11-11E9-447D-B57A-C673A6EC2629}.Release|Any CPU.Build.0 = Release|Any CPU
		{E6D20026-08BF-4C4F-B2D9-7396F8C48E73}.Debug|Any CPU.ActiveCfg = Debug|Any CPU
		{E6D20026-08BF-4C4F-B2D9-7396F8C48E73}.Debug|Any CPU.Build.0 = Debug|Any CPU
		{E6D20026-08BF-4C4F-B2D9-7396F8C48E73}.Release|Any CPU.ActiveCfg = Release|Any CPU
		{E6D20026-08BF-4C4F-B2D9-7396F8C48E73}.Release|Any CPU.Build.0 = Release|Any CPU
		{40E41C9C-DCBA-4DF4-914B-1B54B421BB35}.Debug|Any CPU.ActiveCfg = Debug|Any CPU
		{40E41C9C-DCBA-4DF4-914B-1B54B421BB35}.Debug|Any CPU.Build.0 = Debug|Any CPU
		{40E41C9C-DCBA-4DF4-914B-1B54B421BB35}.Release|Any CPU.ActiveCfg = Release|Any CPU
		{40E41C9C-DCBA-4DF4-914B-1B54B421BB35}.Release|Any CPU.Build.0 = Release|Any CPU
		{F9F15FF2-53CD-4124-85FD-0C0A3D51D5D5}.Debug|Any CPU.ActiveCfg = Debug|Any CPU
		{F9F15FF2-53CD-4124-85FD-0C0A3D51D5D5}.Debug|Any CPU.Build.0 = Debug|Any CPU
		{F9F15FF2-53CD-4124-85FD-0C0A3D51D5D5}.Release|Any CPU.ActiveCfg = Release|Any CPU
		{F9F15FF2-53CD-4124-85FD-0C0A3D51D5D5}.Release|Any CPU.Build.0 = Release|Any CPU
		{481ACFAD-A325-4FAA-8D32-FDC5E1FE9F77}.Debug|Any CPU.ActiveCfg = Debug|Any CPU
		{481ACFAD-A325-4FAA-8D32-FDC5E1FE9F77}.Debug|Any CPU.Build.0 = Debug|Any CPU
		{481ACFAD-A325-4FAA-8D32-FDC5E1FE9F77}.Release|Any CPU.ActiveCfg = Release|Any CPU
		{481ACFAD-A325-4FAA-8D32-FDC5E1FE9F77}.Release|Any CPU.Build.0 = Release|Any CPU
		{B49B4348-0A5C-43B8-9997-7059D8EF5653}.Debug|Any CPU.ActiveCfg = Debug|Any CPU
		{B49B4348-0A5C-43B8-9997-7059D8EF5653}.Debug|Any CPU.Build.0 = Debug|Any CPU
		{B49B4348-0A5C-43B8-9997-7059D8EF5653}.Release|Any CPU.ActiveCfg = Release|Any CPU
		{B49B4348-0A5C-43B8-9997-7059D8EF5653}.Release|Any CPU.Build.0 = Release|Any CPU
		{57418C80-6A34-4B08-9684-EEBB741E20C2}.Debug|Any CPU.ActiveCfg = Debug|Any CPU
		{57418C80-6A34-4B08-9684-EEBB741E20C2}.Debug|Any CPU.Build.0 = Debug|Any CPU
		{57418C80-6A34-4B08-9684-EEBB741E20C2}.Release|Any CPU.ActiveCfg = Release|Any CPU
		{57418C80-6A34-4B08-9684-EEBB741E20C2}.Release|Any CPU.Build.0 = Release|Any CPU
		{9AA6CB92-FC0F-4892-B702-44FE9EE8DF4E}.Debug|Any CPU.ActiveCfg = Debug|Any CPU
		{9AA6CB92-FC0F-4892-B702-44FE9EE8DF4E}.Debug|Any CPU.Build.0 = Debug|Any CPU
		{9AA6CB92-FC0F-4892-B702-44FE9EE8DF4E}.Release|Any CPU.ActiveCfg = Release|Any CPU
		{9AA6CB92-FC0F-4892-B702-44FE9EE8DF4E}.Release|Any CPU.Build.0 = Release|Any CPU
		{24BCFAC1-02A8-4482-A948-A84E19075BBD}.Debug|Any CPU.ActiveCfg = Debug|Any CPU
		{24BCFAC1-02A8-4482-A948-A84E19075BBD}.Debug|Any CPU.Build.0 = Debug|Any CPU
		{24BCFAC1-02A8-4482-A948-A84E19075BBD}.Release|Any CPU.ActiveCfg = Release|Any CPU
		{24BCFAC1-02A8-4482-A948-A84E19075BBD}.Release|Any CPU.Build.0 = Release|Any CPU
		{414AE2F9-6754-4AA3-8ABB-602C111F3076}.Debug|Any CPU.ActiveCfg = Debug|Any CPU
		{414AE2F9-6754-4AA3-8ABB-602C111F3076}.Debug|Any CPU.Build.0 = Debug|Any CPU
		{414AE2F9-6754-4AA3-8ABB-602C111F3076}.Release|Any CPU.ActiveCfg = Release|Any CPU
		{414AE2F9-6754-4AA3-8ABB-602C111F3076}.Release|Any CPU.Build.0 = Release|Any CPU
		{04602438-3FF5-4486-A4BE-7834429BEFFA}.Debug|Any CPU.ActiveCfg = Debug|Any CPU
		{04602438-3FF5-4486-A4BE-7834429BEFFA}.Debug|Any CPU.Build.0 = Debug|Any CPU
		{04602438-3FF5-4486-A4BE-7834429BEFFA}.Release|Any CPU.ActiveCfg = Release|Any CPU
		{04602438-3FF5-4486-A4BE-7834429BEFFA}.Release|Any CPU.Build.0 = Release|Any CPU
		{D9CDC2AD-9847-42F0-BA18-889B0F23898E}.Debug|Any CPU.ActiveCfg = Debug|Any CPU
		{D9CDC2AD-9847-42F0-BA18-889B0F23898E}.Debug|Any CPU.Build.0 = Debug|Any CPU
		{D9CDC2AD-9847-42F0-BA18-889B0F23898E}.Release|Any CPU.ActiveCfg = Release|Any CPU
		{D9CDC2AD-9847-42F0-BA18-889B0F23898E}.Release|Any CPU.Build.0 = Release|Any CPU
		{73D91648-E0B0-4567-AD8F-432B60A1D3A9}.Debug|Any CPU.ActiveCfg = Debug|Any CPU
		{73D91648-E0B0-4567-AD8F-432B60A1D3A9}.Debug|Any CPU.Build.0 = Debug|Any CPU
		{73D91648-E0B0-4567-AD8F-432B60A1D3A9}.Release|Any CPU.ActiveCfg = Release|Any CPU
		{73D91648-E0B0-4567-AD8F-432B60A1D3A9}.Release|Any CPU.Build.0 = Release|Any CPU
		{3D61ECF1-7A1D-4945-BE89-52B381DAA678}.Debug|Any CPU.ActiveCfg = Debug|Any CPU
		{3D61ECF1-7A1D-4945-BE89-52B381DAA678}.Debug|Any CPU.Build.0 = Debug|Any CPU
		{3D61ECF1-7A1D-4945-BE89-52B381DAA678}.Release|Any CPU.ActiveCfg = Release|Any CPU
		{3D61ECF1-7A1D-4945-BE89-52B381DAA678}.Release|Any CPU.Build.0 = Release|Any CPU
		{D880DD92-34DA-4DAC-8D17-F0E31BCAFF76}.Debug|Any CPU.ActiveCfg = Debug|Any CPU
		{D880DD92-34DA-4DAC-8D17-F0E31BCAFF76}.Debug|Any CPU.Build.0 = Debug|Any CPU
		{D880DD92-34DA-4DAC-8D17-F0E31BCAFF76}.Release|Any CPU.ActiveCfg = Release|Any CPU
		{D880DD92-34DA-4DAC-8D17-F0E31BCAFF76}.Release|Any CPU.Build.0 = Release|Any CPU
		{E51B8A5E-1795-4A5C-A28C-6A3CDC9CB757}.Debug|Any CPU.ActiveCfg = Debug|Any CPU
		{E51B8A5E-1795-4A5C-A28C-6A3CDC9CB757}.Debug|Any CPU.Build.0 = Debug|Any CPU
		{E51B8A5E-1795-4A5C-A28C-6A3CDC9CB757}.Release|Any CPU.ActiveCfg = Release|Any CPU
		{E51B8A5E-1795-4A5C-A28C-6A3CDC9CB757}.Release|Any CPU.Build.0 = Release|Any CPU
		{42C4832E-3A3B-4B88-84AB-037D8B3AED62}.Debug|Any CPU.ActiveCfg = Debug|Any CPU
		{42C4832E-3A3B-4B88-84AB-037D8B3AED62}.Debug|Any CPU.Build.0 = Debug|Any CPU
		{42C4832E-3A3B-4B88-84AB-037D8B3AED62}.Release|Any CPU.ActiveCfg = Release|Any CPU
		{42C4832E-3A3B-4B88-84AB-037D8B3AED62}.Release|Any CPU.Build.0 = Release|Any CPU
		{5CDC0811-2CF2-42A4-9465-8E7E819FDB0D}.Debug|Any CPU.ActiveCfg = Debug|Any CPU
		{5CDC0811-2CF2-42A4-9465-8E7E819FDB0D}.Debug|Any CPU.Build.0 = Debug|Any CPU
		{5CDC0811-2CF2-42A4-9465-8E7E819FDB0D}.Release|Any CPU.ActiveCfg = Release|Any CPU
		{5CDC0811-2CF2-42A4-9465-8E7E819FDB0D}.Release|Any CPU.Build.0 = Release|Any CPU
		{8F34EC67-EC26-4890-9B31-0A55B6C56C46}.Debug|Any CPU.ActiveCfg = Debug|Any CPU
		{8F34EC67-EC26-4890-9B31-0A55B6C56C46}.Debug|Any CPU.Build.0 = Debug|Any CPU
		{8F34EC67-EC26-4890-9B31-0A55B6C56C46}.Release|Any CPU.ActiveCfg = Release|Any CPU
		{8F34EC67-EC26-4890-9B31-0A55B6C56C46}.Release|Any CPU.Build.0 = Release|Any CPU
		{C3D8C45E-94C2-464C-A947-2DFEE3046A24}.Debug|Any CPU.ActiveCfg = Debug|Any CPU
		{C3D8C45E-94C2-464C-A947-2DFEE3046A24}.Debug|Any CPU.Build.0 = Debug|Any CPU
		{C3D8C45E-94C2-464C-A947-2DFEE3046A24}.Release|Any CPU.ActiveCfg = Release|Any CPU
		{C3D8C45E-94C2-464C-A947-2DFEE3046A24}.Release|Any CPU.Build.0 = Release|Any CPU
	EndGlobalSection
	GlobalSection(SolutionProperties) = preSolution
		HideSolutionNode = FALSE
	EndGlobalSection
	GlobalSection(NestedProjects) = preSolution
		{8C8B175A-6345-442A-AD45-FC5196072151} = {4385BF6A-32E8-4F0F-99AD-C313D39E91E2}
		{223E483C-F4B3-40FD-AB66-AB1035FEF6A3} = {4385BF6A-32E8-4F0F-99AD-C313D39E91E2}
		{4AC395E8-712E-4F67-B9F1-68B6CB6F6392} = {4385BF6A-32E8-4F0F-99AD-C313D39E91E2}
		{248C5B11-11E9-447D-B57A-C673A6EC2629} = {4385BF6A-32E8-4F0F-99AD-C313D39E91E2}
		{E6D20026-08BF-4C4F-B2D9-7396F8C48E73} = {4385BF6A-32E8-4F0F-99AD-C313D39E91E2}
		{40E41C9C-DCBA-4DF4-914B-1B54B421BB35} = {4385BF6A-32E8-4F0F-99AD-C313D39E91E2}
		{F9F15FF2-53CD-4124-85FD-0C0A3D51D5D5} = {9B82990D-2A3C-4A15-8DE5-4E5FE536FE9F}
		{481ACFAD-A325-4FAA-8D32-FDC5E1FE9F77} = {9B82990D-2A3C-4A15-8DE5-4E5FE536FE9F}
		{B49B4348-0A5C-43B8-9997-7059D8EF5653} = {9B82990D-2A3C-4A15-8DE5-4E5FE536FE9F}
		{57418C80-6A34-4B08-9684-EEBB741E20C2} = {9B82990D-2A3C-4A15-8DE5-4E5FE536FE9F}
		{9AA6CB92-FC0F-4892-B702-44FE9EE8DF4E} = {9B82990D-2A3C-4A15-8DE5-4E5FE536FE9F}
		{24BCFAC1-02A8-4482-A948-A84E19075BBD} = {5A1A25FA-CA83-456E-94FD-52905C19C86C}
		{414AE2F9-6754-4AA3-8ABB-602C111F3076} = {5A1A25FA-CA83-456E-94FD-52905C19C86C}
		{04602438-3FF5-4486-A4BE-7834429BEFFA} = {5A1A25FA-CA83-456E-94FD-52905C19C86C}
		{D9CDC2AD-9847-42F0-BA18-889B0F23898E} = {5A1A25FA-CA83-456E-94FD-52905C19C86C}
		{73D91648-E0B0-4567-AD8F-432B60A1D3A9} = {5A1A25FA-CA83-456E-94FD-52905C19C86C}
		{3D61ECF1-7A1D-4945-BE89-52B381DAA678} = {5A1A25FA-CA83-456E-94FD-52905C19C86C}
		{D880DD92-34DA-4DAC-8D17-F0E31BCAFF76} = {5A1A25FA-CA83-456E-94FD-52905C19C86C}
		{E51B8A5E-1795-4A5C-A28C-6A3CDC9CB757} = {5A1A25FA-CA83-456E-94FD-52905C19C86C}
		{42C4832E-3A3B-4B88-84AB-037D8B3AED62} = {5A1A25FA-CA83-456E-94FD-52905C19C86C}
		{5CDC0811-2CF2-42A4-9465-8E7E819FDB0D} = {5A1A25FA-CA83-456E-94FD-52905C19C86C}
		{8F34EC67-EC26-4890-9B31-0A55B6C56C46} = {5A1A25FA-CA83-456E-94FD-52905C19C86C}
		{C3D8C45E-94C2-464C-A947-2DFEE3046A24} = {5A1A25FA-CA83-456E-94FD-52905C19C86C}
		{4385BF6A-32E8-4F0F-99AD-C313D39E91E2} = {23384A32-402F-4C84-875C-DCFE36FDEAF4}
		{9B82990D-2A3C-4A15-8DE5-4E5FE536FE9F} = {23384A32-402F-4C84-875C-DCFE36FDEAF4}
	EndGlobalSection
	GlobalSection(ExtensibilityGlobals) = postSolution
		SolutionGuid = {E09C4BD1-5857-4580-9759-D4E431E8D9D2}
	EndGlobalSection
EndGlobal
