
Microsoft Visual Studio Solution File, Format Version 12.00
# Visual Studio Version 16
VisualStudioVersion = 16.0.809.0
MinimumVisualStudioVersion = 10.0.40219.1
Project("{FAE04EC0-301F-11D3-BF4B-00C04F79EFBC}") = "Portugal.Nif.Validator", "src\Portugal.Nif.Validator\Portugal.Nif.Validator.csproj", "{4E16F536-C39A-4009-9B2E-7AB99B3A4FA2}"
EndProject
Project("{2150E333-8FDC-42A3-9474-1A3956D46DE8}") = "Solution Items", "Solution Items", "{E2233F54-B72E-404D-BB67-72FBC76E7FF1}"
	ProjectSection(SolutionItems) = preProject
		.editorconfig = .editorconfig
		.gitignore = .gitignore
		LICENSE = LICENSE
		README.md = README.md
	EndProjectSection
EndProject
Project("{2150E333-8FDC-42A3-9474-1A3956D46DE8}") = "src", "src", "{6D81C1D7-6538-46DB-A36C-ACDC0775A365}"
EndProject
Project("{2150E333-8FDC-42A3-9474-1A3956D46DE8}") = "tests", "tests", "{C097DE10-B80A-4DFF-8E86-869F99876ECF}"
EndProject
Project("{FAE04EC0-301F-11D3-BF4B-00C04F79EFBC}") = "Portugal.Nif.Validator.Tests", "tests\Portugal.Nif.Validator.Tests\Portugal.Nif.Validator.Tests.csproj", "{D486314F-5766-44A0-B616-7DBEA0E4D302}"
EndProject
Project("{2150E333-8FDC-42A3-9474-1A3956D46DE8}") = "coverage", "coverage", "{B7BB3832-E0B9-40E3-A681-785466AA317B}"
EndProject
Project("{FAE04EC0-301F-11D3-BF4B-00C04F79EFBC}") = "ValidatorAbstractions", "src\ValidatorAbstractions\ValidatorAbstractions.csproj", "{56098E27-188E-42D5-BCFF-4F898F16B0E5}"
EndProject
Global
	GlobalSection(SolutionConfigurationPlatforms) = preSolution
		Debug|Any CPU = Debug|Any CPU
		Release|Any CPU = Release|Any CPU
	EndGlobalSection
	GlobalSection(ProjectConfigurationPlatforms) = postSolution
		{4E16F536-C39A-4009-9B2E-7AB99B3A4FA2}.Debug|Any CPU.ActiveCfg = Debug|Any CPU
		{4E16F536-C39A-4009-9B2E-7AB99B3A4FA2}.Debug|Any CPU.Build.0 = Debug|Any CPU
		{4E16F536-C39A-4009-9B2E-7AB99B3A4FA2}.Release|Any CPU.ActiveCfg = Release|Any CPU
		{4E16F536-C39A-4009-9B2E-7AB99B3A4FA2}.Release|Any CPU.Build.0 = Release|Any CPU
		{D486314F-5766-44A0-B616-7DBEA0E4D302}.Debug|Any CPU.ActiveCfg = Debug|Any CPU
		{D486314F-5766-44A0-B616-7DBEA0E4D302}.Debug|Any CPU.Build.0 = Debug|Any CPU
		{D486314F-5766-44A0-B616-7DBEA0E4D302}.Release|Any CPU.ActiveCfg = Release|Any CPU
		{D486314F-5766-44A0-B616-7DBEA0E4D302}.Release|Any CPU.Build.0 = Release|Any CPU
		{56098E27-188E-42D5-BCFF-4F898F16B0E5}.Debug|Any CPU.ActiveCfg = Debug|Any CPU
		{56098E27-188E-42D5-BCFF-4F898F16B0E5}.Debug|Any CPU.Build.0 = Debug|Any CPU
		{56098E27-188E-42D5-BCFF-4F898F16B0E5}.Release|Any CPU.ActiveCfg = Release|Any CPU
		{56098E27-188E-42D5-BCFF-4F898F16B0E5}.Release|Any CPU.Build.0 = Release|Any CPU
	EndGlobalSection
	GlobalSection(SolutionProperties) = preSolution
		HideSolutionNode = FALSE
	EndGlobalSection
	GlobalSection(ExtensibilityGlobals) = postSolution
		SolutionGuid = {C9033BEB-EFFA-4BA9-97C4-7344F3BA4E9A}
	EndGlobalSection
	GlobalSection(NestedProjects) = preSolution
		{4E16F536-C39A-4009-9B2E-7AB99B3A4FA2} = {6D81C1D7-6538-46DB-A36C-ACDC0775A365}
		{D486314F-5766-44A0-B616-7DBEA0E4D302} = {C097DE10-B80A-4DFF-8E86-869F99876ECF}
		{56098E27-188E-42D5-BCFF-4F898F16B0E5} = {6D81C1D7-6538-46DB-A36C-ACDC0775A365}
	EndGlobalSection
EndGlobal
