
Microsoft Visual Studio Solution File, Format Version 12.00
# Visual Studio Version 17
VisualStudioVersion = 17.2.32616.157
MinimumVisualStudioVersion = 10.0.40219.1
Project("{2150E333-8FDC-42A3-9474-1A3956D46DE8}") = "Solution Items", "Solution Items", "{8EEA5103-8A55-4A02-99A1-2E2AA707F4B1}"
	ProjectSection(SolutionItems) = preProject
		.editorconfig = .editorconfig
		.gitignore = .gitignore
		CHANGELOG.md = CHANGELOG.md
		Directory.Build.props = Directory.Build.props
		global.json = global.json
		LICENSE = LICENSE
		nuget.config = nuget.config
		README.md = README.md
	EndProjectSection
EndProject
Project("{2150E333-8FDC-42A3-9474-1A3956D46DE8}") = "src", "src", "{1180D50D-F9D8-4BA4-8333-96A4F8D91059}"
EndProject
Project("{2150E333-8FDC-42A3-9474-1A3956D46DE8}") = "tests", "tests", "{A31EE353-4E31-4E38-84A4-3A9B76BD767D}"
EndProject
Project("{9A19103F-16F7-4668-BE54-9A1E7A4F7556}") = "DocumentNumber.PaymentCardNumber.AmericanExpress.Validator", "src\DocumentNumber.PaymentCardNumber.AmericanExpress.Validator\DocumentNumber.PaymentCardNumber.AmericanExpress.Validator.csproj", "{2092A27D-272F-4686-B1F5-69ECD0A6D4B0}"
EndProject
Project("{9A19103F-16F7-4668-BE54-9A1E7A4F7556}") = "DocumentNumber.PaymentCardNumber.Maestro.Validator", "src\DocumentNumber.PaymentCardNumber.Maestro.Validator\DocumentNumber.PaymentCardNumber.Maestro.Validator.csproj", "{B2ED4FC1-F1D5-4628-8E52-E317BE39E4DF}"
EndProject
Project("{9A19103F-16F7-4668-BE54-9A1E7A4F7556}") = "DocumentNumber.PaymentCardNumber.MaestroUK.Validator", "src\DocumentNumber.PaymentCardNumber.MaestroUK.Validator\DocumentNumber.PaymentCardNumber.MaestroUK.Validator.csproj", "{08758ACA-12E2-4B5B-8121-72AB94F42B24}"
EndProject
Project("{9A19103F-16F7-4668-BE54-9A1E7A4F7556}") = "DocumentNumber.PaymentCardNumber.Mastercard.Validator", "src\DocumentNumber.PaymentCardNumber.Mastercard.Validator\DocumentNumber.PaymentCardNumber.Mastercard.Validator.csproj", "{23AC1CD8-173B-4725-834D-E31D79EDDD92}"
EndProject
Project("{9A19103F-16F7-4668-BE54-9A1E7A4F7556}") = "DocumentNumber.PaymentCardNumber.VISA.Validator", "src\DocumentNumber.PaymentCardNumber.VISA.Validator\DocumentNumber.PaymentCardNumber.VISA.Validator.csproj", "{2775DCA8-9308-4621-B3A3-7E2064868B6C}"
EndProject
Project("{9A19103F-16F7-4668-BE54-9A1E7A4F7556}") = "DocumentNumber.PaymentCardNumber.VISAElectron.Validator", "src\DocumentNumber.PaymentCardNumber.VISAElectron.Validator\DocumentNumber.PaymentCardNumber.VISAElectron.Validator.csproj", "{5583C06C-F2BC-448D-9A3A-673EFD5EC234}"
EndProject
Project("{9A19103F-16F7-4668-BE54-9A1E7A4F7556}") = "DocumentNumber.Portugal.BankAccountNumber.Validator", "src\DocumentNumber.Portugal.BankAccountNumber.Validator\DocumentNumber.Portugal.BankAccountNumber.Validator.csproj", "{74A41FC2-E7D9-473C-9F9F-78FF206EC741}"
EndProject
Project("{2150E333-8FDC-42A3-9474-1A3956D46DE8}") = "Document Validator", "Document Validator", "{E58AB71F-ECFC-4AB9-986C-B021819A247C}"
EndProject
Project("{9A19103F-16F7-4668-BE54-9A1E7A4F7556}") = "DocumentNumber.PaymentCardNumber.AmericaExpress.Validator.Tests", "tests\DocumentNumber.PaymentCardNumber.AmericaExpress.Validator.Tests\DocumentNumber.PaymentCardNumber.AmericaExpress.Validator.Tests.csproj", "{9A9924DF-FBC5-4904-B216-F09749C03308}"
EndProject
Project("{9A19103F-16F7-4668-BE54-9A1E7A4F7556}") = "DocumentNumber.PaymentCardNumber.Maestro.Validator.Tests", "tests\DocumentNumber.PaymentCardNumber.Maestro.Validator.Tests\DocumentNumber.PaymentCardNumber.Maestro.Validator.Tests.csproj", "{D8051D47-AB12-485C-BD03-B9676A6E70A5}"
EndProject
Project("{9A19103F-16F7-4668-BE54-9A1E7A4F7556}") = "DocumentNumber.PaymentCardNumber.MaestroUK.Validator.Tests", "tests\DocumentNumber.PaymentCardNumber.MaestroUK.Validator.Tests\DocumentNumber.PaymentCardNumber.MaestroUK.Validator.Tests.csproj", "{ED75FD88-7777-4306-931B-B7069944E02D}"
EndProject
Project("{9A19103F-16F7-4668-BE54-9A1E7A4F7556}") = "DocumentNumber.PaymentCardNumber.Mastercard.Validator.Tests", "tests\DocumentNumber.PaymentCardNumber.Mastercard.Validator.Tests\DocumentNumber.PaymentCardNumber.Mastercard.Validator.Tests.csproj", "{B966B75A-C4A6-4438-9005-9A6ED4BD1A08}"
EndProject
Project("{9A19103F-16F7-4668-BE54-9A1E7A4F7556}") = "DocumentNumber.PaymentCardNumber.VISA.Validator.Tests", "tests\DocumentNumber.PaymentCardNumber.VISA.Validator.Tests\DocumentNumber.PaymentCardNumber.VISA.Validator.Tests.csproj", "{E0A50A77-DEB5-4538-8279-50C89AE3B3D7}"
EndProject
Project("{9A19103F-16F7-4668-BE54-9A1E7A4F7556}") = "DocumentNumber.PaymentCardNumber.VISAElectron.Validator.Tests", "tests\DocumentNumber.PaymentCardNumber.VISAElectron.Validator.Tests\DocumentNumber.PaymentCardNumber.VISAElectron.Validator.Tests.csproj", "{3D8D44D9-4C8C-4EE2-8632-A378BC79DE19}"
EndProject
Project("{9A19103F-16F7-4668-BE54-9A1E7A4F7556}") = "DocumentNumber.Portugal.BankAccountNumber.Validator.Tests", "tests\DocumentNumber.Portugal.BankAccountNumber.Validator.Tests\DocumentNumber.Portugal.BankAccountNumber.Validator.Tests.csproj", "{567C26C8-17B0-473E-8425-A563DEFB1DB7}"
EndProject
Global
	GlobalSection(SolutionConfigurationPlatforms) = preSolution
		Debug|Any CPU = Debug|Any CPU
		Release|Any CPU = Release|Any CPU
	EndGlobalSection
	GlobalSection(ProjectConfigurationPlatforms) = postSolution
		{2092A27D-272F-4686-B1F5-69ECD0A6D4B0}.Debug|Any CPU.ActiveCfg = Debug|Any CPU
		{2092A27D-272F-4686-B1F5-69ECD0A6D4B0}.Debug|Any CPU.Build.0 = Debug|Any CPU
		{2092A27D-272F-4686-B1F5-69ECD0A6D4B0}.Release|Any CPU.ActiveCfg = Release|Any CPU
		{2092A27D-272F-4686-B1F5-69ECD0A6D4B0}.Release|Any CPU.Build.0 = Release|Any CPU
		{B2ED4FC1-F1D5-4628-8E52-E317BE39E4DF}.Debug|Any CPU.ActiveCfg = Debug|Any CPU
		{B2ED4FC1-F1D5-4628-8E52-E317BE39E4DF}.Debug|Any CPU.Build.0 = Debug|Any CPU
		{B2ED4FC1-F1D5-4628-8E52-E317BE39E4DF}.Release|Any CPU.ActiveCfg = Release|Any CPU
		{B2ED4FC1-F1D5-4628-8E52-E317BE39E4DF}.Release|Any CPU.Build.0 = Release|Any CPU
		{08758ACA-12E2-4B5B-8121-72AB94F42B24}.Debug|Any CPU.ActiveCfg = Debug|Any CPU
		{08758ACA-12E2-4B5B-8121-72AB94F42B24}.Debug|Any CPU.Build.0 = Debug|Any CPU
		{08758ACA-12E2-4B5B-8121-72AB94F42B24}.Release|Any CPU.ActiveCfg = Release|Any CPU
		{08758ACA-12E2-4B5B-8121-72AB94F42B24}.Release|Any CPU.Build.0 = Release|Any CPU
		{23AC1CD8-173B-4725-834D-E31D79EDDD92}.Debug|Any CPU.ActiveCfg = Debug|Any CPU
		{23AC1CD8-173B-4725-834D-E31D79EDDD92}.Debug|Any CPU.Build.0 = Debug|Any CPU
		{23AC1CD8-173B-4725-834D-E31D79EDDD92}.Release|Any CPU.ActiveCfg = Release|Any CPU
		{23AC1CD8-173B-4725-834D-E31D79EDDD92}.Release|Any CPU.Build.0 = Release|Any CPU
		{2775DCA8-9308-4621-B3A3-7E2064868B6C}.Debug|Any CPU.ActiveCfg = Debug|Any CPU
		{2775DCA8-9308-4621-B3A3-7E2064868B6C}.Debug|Any CPU.Build.0 = Debug|Any CPU
		{2775DCA8-9308-4621-B3A3-7E2064868B6C}.Release|Any CPU.ActiveCfg = Release|Any CPU
		{2775DCA8-9308-4621-B3A3-7E2064868B6C}.Release|Any CPU.Build.0 = Release|Any CPU
		{5583C06C-F2BC-448D-9A3A-673EFD5EC234}.Debug|Any CPU.ActiveCfg = Debug|Any CPU
		{5583C06C-F2BC-448D-9A3A-673EFD5EC234}.Debug|Any CPU.Build.0 = Debug|Any CPU
		{5583C06C-F2BC-448D-9A3A-673EFD5EC234}.Release|Any CPU.ActiveCfg = Release|Any CPU
		{5583C06C-F2BC-448D-9A3A-673EFD5EC234}.Release|Any CPU.Build.0 = Release|Any CPU
		{74A41FC2-E7D9-473C-9F9F-78FF206EC741}.Debug|Any CPU.ActiveCfg = Debug|Any CPU
		{74A41FC2-E7D9-473C-9F9F-78FF206EC741}.Debug|Any CPU.Build.0 = Debug|Any CPU
		{74A41FC2-E7D9-473C-9F9F-78FF206EC741}.Release|Any CPU.ActiveCfg = Release|Any CPU
		{74A41FC2-E7D9-473C-9F9F-78FF206EC741}.Release|Any CPU.Build.0 = Release|Any CPU
		{9A9924DF-FBC5-4904-B216-F09749C03308}.Debug|Any CPU.ActiveCfg = Debug|Any CPU
		{9A9924DF-FBC5-4904-B216-F09749C03308}.Debug|Any CPU.Build.0 = Debug|Any CPU
		{9A9924DF-FBC5-4904-B216-F09749C03308}.Release|Any CPU.ActiveCfg = Release|Any CPU
		{9A9924DF-FBC5-4904-B216-F09749C03308}.Release|Any CPU.Build.0 = Release|Any CPU
		{D8051D47-AB12-485C-BD03-B9676A6E70A5}.Debug|Any CPU.ActiveCfg = Debug|Any CPU
		{D8051D47-AB12-485C-BD03-B9676A6E70A5}.Debug|Any CPU.Build.0 = Debug|Any CPU
		{D8051D47-AB12-485C-BD03-B9676A6E70A5}.Release|Any CPU.ActiveCfg = Release|Any CPU
		{D8051D47-AB12-485C-BD03-B9676A6E70A5}.Release|Any CPU.Build.0 = Release|Any CPU
		{ED75FD88-7777-4306-931B-B7069944E02D}.Debug|Any CPU.ActiveCfg = Debug|Any CPU
		{ED75FD88-7777-4306-931B-B7069944E02D}.Debug|Any CPU.Build.0 = Debug|Any CPU
		{ED75FD88-7777-4306-931B-B7069944E02D}.Release|Any CPU.ActiveCfg = Release|Any CPU
		{ED75FD88-7777-4306-931B-B7069944E02D}.Release|Any CPU.Build.0 = Release|Any CPU
		{B966B75A-C4A6-4438-9005-9A6ED4BD1A08}.Debug|Any CPU.ActiveCfg = Debug|Any CPU
		{B966B75A-C4A6-4438-9005-9A6ED4BD1A08}.Debug|Any CPU.Build.0 = Debug|Any CPU
		{B966B75A-C4A6-4438-9005-9A6ED4BD1A08}.Release|Any CPU.ActiveCfg = Release|Any CPU
		{B966B75A-C4A6-4438-9005-9A6ED4BD1A08}.Release|Any CPU.Build.0 = Release|Any CPU
		{E0A50A77-DEB5-4538-8279-50C89AE3B3D7}.Debug|Any CPU.ActiveCfg = Debug|Any CPU
		{E0A50A77-DEB5-4538-8279-50C89AE3B3D7}.Debug|Any CPU.Build.0 = Debug|Any CPU
		{E0A50A77-DEB5-4538-8279-50C89AE3B3D7}.Release|Any CPU.ActiveCfg = Release|Any CPU
		{E0A50A77-DEB5-4538-8279-50C89AE3B3D7}.Release|Any CPU.Build.0 = Release|Any CPU
		{3D8D44D9-4C8C-4EE2-8632-A378BC79DE19}.Debug|Any CPU.ActiveCfg = Debug|Any CPU
		{3D8D44D9-4C8C-4EE2-8632-A378BC79DE19}.Debug|Any CPU.Build.0 = Debug|Any CPU
		{3D8D44D9-4C8C-4EE2-8632-A378BC79DE19}.Release|Any CPU.ActiveCfg = Release|Any CPU
		{3D8D44D9-4C8C-4EE2-8632-A378BC79DE19}.Release|Any CPU.Build.0 = Release|Any CPU
		{567C26C8-17B0-473E-8425-A563DEFB1DB7}.Debug|Any CPU.ActiveCfg = Debug|Any CPU
		{567C26C8-17B0-473E-8425-A563DEFB1DB7}.Debug|Any CPU.Build.0 = Debug|Any CPU
		{567C26C8-17B0-473E-8425-A563DEFB1DB7}.Release|Any CPU.ActiveCfg = Release|Any CPU
		{567C26C8-17B0-473E-8425-A563DEFB1DB7}.Release|Any CPU.Build.0 = Release|Any CPU
	EndGlobalSection
	GlobalSection(SolutionProperties) = preSolution
		HideSolutionNode = FALSE
	EndGlobalSection
	GlobalSection(NestedProjects) = preSolution
		{2092A27D-272F-4686-B1F5-69ECD0A6D4B0} = {E58AB71F-ECFC-4AB9-986C-B021819A247C}
		{B2ED4FC1-F1D5-4628-8E52-E317BE39E4DF} = {E58AB71F-ECFC-4AB9-986C-B021819A247C}
		{08758ACA-12E2-4B5B-8121-72AB94F42B24} = {E58AB71F-ECFC-4AB9-986C-B021819A247C}
		{23AC1CD8-173B-4725-834D-E31D79EDDD92} = {E58AB71F-ECFC-4AB9-986C-B021819A247C}
		{2775DCA8-9308-4621-B3A3-7E2064868B6C} = {E58AB71F-ECFC-4AB9-986C-B021819A247C}
		{5583C06C-F2BC-448D-9A3A-673EFD5EC234} = {E58AB71F-ECFC-4AB9-986C-B021819A247C}
		{74A41FC2-E7D9-473C-9F9F-78FF206EC741} = {E58AB71F-ECFC-4AB9-986C-B021819A247C}
		{E58AB71F-ECFC-4AB9-986C-B021819A247C} = {1180D50D-F9D8-4BA4-8333-96A4F8D91059}
		{9A9924DF-FBC5-4904-B216-F09749C03308} = {A31EE353-4E31-4E38-84A4-3A9B76BD767D}
		{D8051D47-AB12-485C-BD03-B9676A6E70A5} = {A31EE353-4E31-4E38-84A4-3A9B76BD767D}
		{ED75FD88-7777-4306-931B-B7069944E02D} = {A31EE353-4E31-4E38-84A4-3A9B76BD767D}
		{B966B75A-C4A6-4438-9005-9A6ED4BD1A08} = {A31EE353-4E31-4E38-84A4-3A9B76BD767D}
		{E0A50A77-DEB5-4538-8279-50C89AE3B3D7} = {A31EE353-4E31-4E38-84A4-3A9B76BD767D}
		{3D8D44D9-4C8C-4EE2-8632-A378BC79DE19} = {A31EE353-4E31-4E38-84A4-3A9B76BD767D}
		{567C26C8-17B0-473E-8425-A563DEFB1DB7} = {A31EE353-4E31-4E38-84A4-3A9B76BD767D}
	EndGlobalSection
	GlobalSection(ExtensibilityGlobals) = postSolution
		SolutionGuid = {3C157187-5569-4754-B68D-837792780FFD}
	EndGlobalSection
EndGlobal
