
Microsoft Visual Studio Solution File, Format Version 12.00
# Visual Studio Version 17
VisualStudioVersion = 17.2.32616.157
MinimumVisualStudioVersion = 10.0.40219.1
Project("{2150E333-8FDC-42A3-9474-1A3956D46DE8}") = "Solution Items", "Solution Items", "{1834EA60-3513-4646-810A-17642B178A3E}"
	ProjectSection(SolutionItems) = preProject
		.editorconfig = .editorconfig
		.gitignore = .gitignore
		CHANGELOG.md = CHANGELOG.md
		Directory.Build.props = Directory.Build.props
		global.json = global.json
		LICENSE = LICENSE
		nuget.config = nuget.config
		README.md = README.md
	EndProjectSection
EndProject
Project("{2150E333-8FDC-42A3-9474-1A3956D46DE8}") = "src", "src", "{E1278C70-67FE-40CE-B119-AB7E679FA6F5}"
EndProject
Project("{2150E333-8FDC-42A3-9474-1A3956D46DE8}") = "tests", "tests", "{1FD47F52-0DBD-447F-9BCC-6680AAEEE30B}"
EndProject
Project("{9A19103F-16F7-4668-BE54-9A1E7A4F7556}") = "DocumentNumber.PaymentCardNumber.Generator.Common", "src\DocumentNumber.PaymentCardNumber.Generator.Common\DocumentNumber.PaymentCardNumber.Generator.Common.csproj", "{59669130-C173-4ACD-B29F-3C223792E573}"
EndProject
Project("{9A19103F-16F7-4668-BE54-9A1E7A4F7556}") = "DocumentNumber.Portugal.BankAccountNumber.Generator", "src\DocumentNumber.Portugal.BankAccountNumber.Generator\DocumentNumber.Portugal.BankAccountNumber.Generator.csproj", "{5833B741-4597-4582-9E8D-41D71E8A5089}"
EndProject
Project("{9A19103F-16F7-4668-BE54-9A1E7A4F7556}") = "DocumentNumber.Portugal.CitizenCard.Generator", "src\DocumentNumber.Portugal.CitizenCard.Generator\DocumentNumber.Portugal.CitizenCard.Generator.csproj", "{8B1EC745-F218-4754-A01F-6A36BD159D25}"
EndProject
Project("{9A19103F-16F7-4668-BE54-9A1E7A4F7556}") = "DocumentNumber.Portugal.Nif.Generator", "src\DocumentNumber.Portugal.Nif.Generator\DocumentNumber.Portugal.Nif.Generator.csproj", "{50E12411-CE56-4D79-9022-56CBF08564FA}"
EndProject
Project("{9A19103F-16F7-4668-BE54-9A1E7A4F7556}") = "DocumentNumber.Portugal.Niss.Generator", "src\DocumentNumber.Portugal.Niss.Generator\DocumentNumber.Portugal.Niss.Generator.csproj", "{7B7FAE51-0954-4722-BAC9-27446769455E}"
EndProject
Project("{9A19103F-16F7-4668-BE54-9A1E7A4F7556}") = "DocumentNumber.ValidatorAbstractions", "src\DocumentNumber.ValidatorAbstractions\DocumentNumber.ValidatorAbstractions.csproj", "{F1325DA4-1F3F-494A-A292-40E0940A514C}"
EndProject
Project("{9A19103F-16F7-4668-BE54-9A1E7A4F7556}") = "DocumentNumber.Portugal.BankAccountNumber.Generator.Tests", "tests\DocumentNumber.Portugal.BankAccountNumber.Generator.Tests\DocumentNumber.Portugal.BankAccountNumber.Generator.Tests.csproj", "{48526ADE-50F5-4745-AB07-D606B6140172}"
EndProject
Project("{9A19103F-16F7-4668-BE54-9A1E7A4F7556}") = "DocumentNumber.Portugal.CitizenCard.Generator.Tests", "tests\DocumentNumber.Portugal.CitizenCard.Validator.Tests\DocumentNumber.Portugal.CitizenCard.Generator.Tests.csproj", "{01AF70E4-54FD-49DD-8D89-D3C9886C3DA1}"
EndProject
Project("{9A19103F-16F7-4668-BE54-9A1E7A4F7556}") = "DocumentNumber.Portugal.Nif.Generator.Tests", "tests\DocumentNumber.Portugal.Nif.Generator.Tests\DocumentNumber.Portugal.Nif.Generator.Tests.csproj", "{32434A2B-ECA4-4AC3-BEF7-040498EBA8DD}"
EndProject
Project("{9A19103F-16F7-4668-BE54-9A1E7A4F7556}") = "DocumentNumber.Portugal.Niss.Generator.Tests", "tests\DocumentNumber.Portugal.Niss.Generator.Tests\DocumentNumber.Portugal.Niss.Generator.Tests.csproj", "{C15A1DB6-E3D3-41C7-8227-A0EB74E27566}"
EndProject
Project("{2150E333-8FDC-42A3-9474-1A3956D46DE8}") = "Document Generator", "Document Generator", "{AFC7D7AF-DF1E-44CC-B996-C2858E9A746B}"
EndProject
Project("{2150E333-8FDC-42A3-9474-1A3956D46DE8}") = "Document Validator", "Document Validator", "{B42C0398-E1D8-4E75-88A8-448A70BF44B4}"
EndProject
Global
	GlobalSection(SolutionConfigurationPlatforms) = preSolution
		Debug|Any CPU = Debug|Any CPU
		Release|Any CPU = Release|Any CPU
	EndGlobalSection
	GlobalSection(ProjectConfigurationPlatforms) = postSolution
		{59669130-C173-4ACD-B29F-3C223792E573}.Debug|Any CPU.ActiveCfg = Debug|Any CPU
		{59669130-C173-4ACD-B29F-3C223792E573}.Debug|Any CPU.Build.0 = Debug|Any CPU
		{59669130-C173-4ACD-B29F-3C223792E573}.Release|Any CPU.ActiveCfg = Release|Any CPU
		{59669130-C173-4ACD-B29F-3C223792E573}.Release|Any CPU.Build.0 = Release|Any CPU
		{5833B741-4597-4582-9E8D-41D71E8A5089}.Debug|Any CPU.ActiveCfg = Debug|Any CPU
		{5833B741-4597-4582-9E8D-41D71E8A5089}.Debug|Any CPU.Build.0 = Debug|Any CPU
		{5833B741-4597-4582-9E8D-41D71E8A5089}.Release|Any CPU.ActiveCfg = Release|Any CPU
		{5833B741-4597-4582-9E8D-41D71E8A5089}.Release|Any CPU.Build.0 = Release|Any CPU
		{8B1EC745-F218-4754-A01F-6A36BD159D25}.Debug|Any CPU.ActiveCfg = Debug|Any CPU
		{8B1EC745-F218-4754-A01F-6A36BD159D25}.Debug|Any CPU.Build.0 = Debug|Any CPU
		{8B1EC745-F218-4754-A01F-6A36BD159D25}.Release|Any CPU.ActiveCfg = Release|Any CPU
		{8B1EC745-F218-4754-A01F-6A36BD159D25}.Release|Any CPU.Build.0 = Release|Any CPU
		{50E12411-CE56-4D79-9022-56CBF08564FA}.Debug|Any CPU.ActiveCfg = Debug|Any CPU
		{50E12411-CE56-4D79-9022-56CBF08564FA}.Debug|Any CPU.Build.0 = Debug|Any CPU
		{50E12411-CE56-4D79-9022-56CBF08564FA}.Release|Any CPU.ActiveCfg = Release|Any CPU
		{50E12411-CE56-4D79-9022-56CBF08564FA}.Release|Any CPU.Build.0 = Release|Any CPU
		{7B7FAE51-0954-4722-BAC9-27446769455E}.Debug|Any CPU.ActiveCfg = Debug|Any CPU
		{7B7FAE51-0954-4722-BAC9-27446769455E}.Debug|Any CPU.Build.0 = Debug|Any CPU
		{7B7FAE51-0954-4722-BAC9-27446769455E}.Release|Any CPU.ActiveCfg = Release|Any CPU
		{7B7FAE51-0954-4722-BAC9-27446769455E}.Release|Any CPU.Build.0 = Release|Any CPU
		{F1325DA4-1F3F-494A-A292-40E0940A514C}.Debug|Any CPU.ActiveCfg = Debug|Any CPU
		{F1325DA4-1F3F-494A-A292-40E0940A514C}.Debug|Any CPU.Build.0 = Debug|Any CPU
		{F1325DA4-1F3F-494A-A292-40E0940A514C}.Release|Any CPU.ActiveCfg = Release|Any CPU
		{F1325DA4-1F3F-494A-A292-40E0940A514C}.Release|Any CPU.Build.0 = Release|Any CPU
		{48526ADE-50F5-4745-AB07-D606B6140172}.Debug|Any CPU.ActiveCfg = Debug|Any CPU
		{48526ADE-50F5-4745-AB07-D606B6140172}.Debug|Any CPU.Build.0 = Debug|Any CPU
		{48526ADE-50F5-4745-AB07-D606B6140172}.Release|Any CPU.ActiveCfg = Release|Any CPU
		{48526ADE-50F5-4745-AB07-D606B6140172}.Release|Any CPU.Build.0 = Release|Any CPU
		{01AF70E4-54FD-49DD-8D89-D3C9886C3DA1}.Debug|Any CPU.ActiveCfg = Debug|Any CPU
		{01AF70E4-54FD-49DD-8D89-D3C9886C3DA1}.Debug|Any CPU.Build.0 = Debug|Any CPU
		{01AF70E4-54FD-49DD-8D89-D3C9886C3DA1}.Release|Any CPU.ActiveCfg = Release|Any CPU
		{01AF70E4-54FD-49DD-8D89-D3C9886C3DA1}.Release|Any CPU.Build.0 = Release|Any CPU
		{32434A2B-ECA4-4AC3-BEF7-040498EBA8DD}.Debug|Any CPU.ActiveCfg = Debug|Any CPU
		{32434A2B-ECA4-4AC3-BEF7-040498EBA8DD}.Debug|Any CPU.Build.0 = Debug|Any CPU
		{32434A2B-ECA4-4AC3-BEF7-040498EBA8DD}.Release|Any CPU.ActiveCfg = Release|Any CPU
		{32434A2B-ECA4-4AC3-BEF7-040498EBA8DD}.Release|Any CPU.Build.0 = Release|Any CPU
		{C15A1DB6-E3D3-41C7-8227-A0EB74E27566}.Debug|Any CPU.ActiveCfg = Debug|Any CPU
		{C15A1DB6-E3D3-41C7-8227-A0EB74E27566}.Debug|Any CPU.Build.0 = Debug|Any CPU
		{C15A1DB6-E3D3-41C7-8227-A0EB74E27566}.Release|Any CPU.ActiveCfg = Release|Any CPU
		{C15A1DB6-E3D3-41C7-8227-A0EB74E27566}.Release|Any CPU.Build.0 = Release|Any CPU
	EndGlobalSection
	GlobalSection(SolutionProperties) = preSolution
		HideSolutionNode = FALSE
	EndGlobalSection
	GlobalSection(NestedProjects) = preSolution
		{59669130-C173-4ACD-B29F-3C223792E573} = {AFC7D7AF-DF1E-44CC-B996-C2858E9A746B}
		{5833B741-4597-4582-9E8D-41D71E8A5089} = {AFC7D7AF-DF1E-44CC-B996-C2858E9A746B}
		{8B1EC745-F218-4754-A01F-6A36BD159D25} = {AFC7D7AF-DF1E-44CC-B996-C2858E9A746B}
		{50E12411-CE56-4D79-9022-56CBF08564FA} = {AFC7D7AF-DF1E-44CC-B996-C2858E9A746B}
		{7B7FAE51-0954-4722-BAC9-27446769455E} = {AFC7D7AF-DF1E-44CC-B996-C2858E9A746B}
		{F1325DA4-1F3F-494A-A292-40E0940A514C} = {B42C0398-E1D8-4E75-88A8-448A70BF44B4}
		{48526ADE-50F5-4745-AB07-D606B6140172} = {1FD47F52-0DBD-447F-9BCC-6680AAEEE30B}
		{01AF70E4-54FD-49DD-8D89-D3C9886C3DA1} = {1FD47F52-0DBD-447F-9BCC-6680AAEEE30B}
		{32434A2B-ECA4-4AC3-BEF7-040498EBA8DD} = {1FD47F52-0DBD-447F-9BCC-6680AAEEE30B}
		{C15A1DB6-E3D3-41C7-8227-A0EB74E27566} = {1FD47F52-0DBD-447F-9BCC-6680AAEEE30B}
		{AFC7D7AF-DF1E-44CC-B996-C2858E9A746B} = {E1278C70-67FE-40CE-B119-AB7E679FA6F5}
		{B42C0398-E1D8-4E75-88A8-448A70BF44B4} = {E1278C70-67FE-40CE-B119-AB7E679FA6F5}
	EndGlobalSection
	GlobalSection(ExtensibilityGlobals) = postSolution
		SolutionGuid = {6DDDD12B-F4C9-41DB-8EB5-30D25A128D63}
	EndGlobalSection
EndGlobal
